{
  "nodes": {
    "dank-greeter": {
      "inputs": {
        "dank-qml-common": "dank-qml-common",
        "nixpkgs": [
          "nixpkgs-unstable"
        ]
      },
      "locked": {
        "lastModified": 1785444417,
        "narHash": "sha256-9hxIB6McRAsHGlsy4HZIv5FJpfKwlpeuVmPntxj4J8I=",
        "owner": "AvengeMedia",
        "repo": "dank-greeter",
        "rev": "f353eafdee856a2e1c6ce87ce551304e8a6ed404",
        "type": "github"
      },
      "original": {
        "owner": "AvengeMedia",
        "repo": "dank-greeter",
        "type": "github"
      }
    },
    "dank-qml-common": {
      "flake": false,
      "locked": {
        "lastModified": 1784433462,
        "narHash": "sha256-8MdKtu/tSYrCenhtmgYW+lcv9JhGPTE3BnSE6WuqO1U=",
        "owner": "AvengeMedia",
        "repo": "dank-qml-common",
        "rev": "8d36f668d73e7a4391ea9ead3939c5de137aa1f0",
        "type": "github"
      },
      "original": {
        "owner": "AvengeMedia",
        "repo": "dank-qml-common",
        "type": "github"
      }
    },
    "dgop": {
      "inputs": {
        "nixpkgs": [
          "nixpkgs-unstable"
        ]
      },
      "locked": {
        "lastModified": 1786198551,
        "narHash": "sha256-+vFzppOik5+KP+oz39j1PlIMlLY6R0dKmfhnDqsgYjg=",
        "owner": "AvengeMedia",
        "repo": "dgop",
        "rev": "f559f2f31d2a35a29a096df174e688da9cc089c9",
        "type": "github"
      },
      "original": {
        "owner": "AvengeMedia",
        "repo": "dgop",
        "type": "github"
      }
    },
    "dms": {
      "inputs": {
        "flake-compat": "flake-compat",
        "nixpkgs": [
          "nixpkgs-unstable"
        ]
      },
      "locked": {
        "lastModified": 1785111455,
        "narHash": "sha256-aTNuC9NDBnYAeEtFsleeUwmGX3AZlKOutbl+LQRPkmQ=",
        "owner": "AvengeMedia",
        "repo": "DankMaterialShell",
        "rev": "069ddab041c738236a8910e4c39b65d9628d3018",
        "type": "github"
      },
      "original": {
        "owner": "AvengeMedia",
        "ref": "stable",
        "repo": "DankMaterialShell",
        "type": "github"
      }
    },
    "flake-compat": {
      "flake": false,
      "locked": {
        "lastModified": 1767039857,
        "narHash": "sha256-vNpUSpF5Nuw8xvDLj2KCwwksIbjua2LZCqhV1LNRDns=",
        "owner": "NixOS",
        "repo": "flake-compat",
        "rev": "5edf11c44bc78a0d334f6334cdaf7d60d732daab",
        "type": "github"
      },
      "original": {
        "owner": "NixOS",
        "repo": "flake-compat",
        "type": "github"
      }
    },
    "home-manager": {
      "inputs": {
        "nixpkgs": [
          "nixpkgs"
        ]
      },
      "locked": {
        "lastModified": 1779506708,
        "narHash": "sha256-QOD/CNm196nCJRheux/URi4/HE66fthdOMqCJoPP1Y0=",
        "owner": "nix-community",
        "repo": "home-manager",
        "rev": "3ee51fbdac8c8bdfe1e7e1fcaba6520a563f394f",
        "type": "github"
      },
      "original": {
        "owner": "nix-community",
        "ref": "release-25.11",
        "repo": "home-manager",
        "type": "github"
      }
    },
    "nixpkgs": {
      "locked": {
        "lastModified": 1782847189,
        "narHash": "sha256-twXPFqFsrrY5r28Zh7Homgcp2gUMBgQ6WDS98Q/3xFI=",
        "owner": "NixOS",
        "repo": "nixpkgs",
        "rev": "b6018f87da91d19d0ab4cf979885689b469cdd41",
        "type": "github"
      },
      "original": {
        "owner": "NixOS",
        "ref": "nixos-25.11",
        "repo": "nixpkgs",
        "type": "github"
      }
    },
    "nixpkgs-unstable": {
      "locked": {
        "lastModified": 1786862985,
        "narHash": "sha256-FBJRXmbGXiSUDvYEbfLYRkckayyZ6SK1UEqhCrIZ2Cs=",
        "owner": "NixOS",
        "repo": "nixpkgs",
        "rev": "e5bdc4a41d4c072fe1e3787eaa0320a384741d44",
        "type": "github"
      },
      "original": {
        "owner": "NixOS",
        "ref": "nixos-unstable",
        "repo": "nixpkgs",
        "type": "github"
      }
    },
    "quickshell": {
      "inputs": {
        "nixpkgs": [
          "nixpkgs-unstable"
        ]
      },
      "locked": {
        "lastModified": 1786864924,
        "narHash": "sha256-9nqIJWuSlAwy4Vs98N9ffoVeU2dmsWcAJ7/DyIDihqM=",
        "owner": "quickshell-mirror",
        "repo": "quickshell",
        "rev": "532a0606cafb05851a203e65be22c9a057447ee2",
        "type": "github"
      },
      "original": {
        "owner": "quickshell-mirror",
        "repo": "quickshell",
        "type": "github"
      }
    },
    "root": {
      "inputs": {
        "dank-greeter": "dank-greeter",
        "dgop": "dgop",
        "dms": "dms",
        "home-manager": "home-manager",
        "nixpkgs": "nixpkgs",
        "nixpkgs-unstable": "nixpkgs-unstable",
        "quickshell": "quickshell",
        "zen-browser": "zen-browser"
      }
    },
    "zen-browser": {
      "inputs": {
        "nixpkgs": [
          "nixpkgs"
        ]
      },
      "locked": {
        "lastModified": 1786685380,
        "narHash": "sha256-3ZuubfWk7CHPF/60w5BVrVkzdO7Oed1MgZ+ugLsgww8=",
        "owner": "youwen5",
        "repo": "zen-browser-flake",
        "rev": "e1e4aa6433a352f07059aeb8483ae42deb61f9b2",
        "type": "github"
      },
      "original": {
        "owner": "youwen5",
        "repo": "zen-browser-flake",
        "type": "github"
      }
    }
  },
  "root": "root",
  "version": 7
}
